{
  "version": 4,
  "terraform_version": "1.10.5",
  "serial": 3,
  "lineage": "d0af8b7b-8633-0d40-bd64-5a0a875cad53",
  "outputs": {
    "resource_group_location": {
      "value": "eastus",
      "type": "string"
    },
    "resource_group_name": {
      "value": "prod-infrastructure-rg",
      "type": "string"
    },
    "role_assignment_scope": {
      "value": "/subscriptions/da4b743b-bf70-41b9-905f-e402e5dc9066/resourceGroups/prod-infrastructure-rg",
      "type": "string"
    }
  },
  "resources": [
    {
      "mode": "managed",
      "type": "azurerm_resource_group",
      "name": "rg_infra",
      "provider": "provider[\"registry.terraform.io/hashicorp/azurerm\"]",
      "instances": [
        {
          "schema_version": 0,
          "attributes": {
            "id": "/subscriptions/da4b743b-bf70-41b9-905f-e402e5dc9066/resourceGroups/prod-infrastructure-rg",
            "location": "eastus",
            "managed_by": "",
            "name": "prod-infrastructure-rg",
            "tags": null,
            "timeouts": null
          },
          "sensitive_attributes": [],
          "private": "eyJlMmJmYjczMC1lY2FhLTExZTYtOGY4OC0zNDM2M2JjN2M0YzAiOnsiY3JlYXRlIjo1NDAwMDAwMDAwMDAwLCJkZWxldGUiOjU0MDAwMDAwMDAwMDAsInJlYWQiOjMwMDAwMDAwMDAwMCwidXBkYXRlIjo1NDAwMDAwMDAwMDAwfX0="
        }
      ]
    },
    {
      "mode": "managed",
      "type": "azurerm_role_assignment",
      "name": "contributor_role",
      "provider": "provider[\"registry.terraform.io/hashicorp/azurerm\"]",
      "instances": [
        {
          "schema_version": 0,
          "attributes": {
            "condition": "",
            "condition_version": "",
            "delegated_managed_identity_resource_id": "",
            "description": "",
            "id": "/subscriptions/da4b743b-bf70-41b9-905f-e402e5dc9066/resourceGroups/prod-infrastructure-rg/providers/Microsoft.Authorization/roleAssignments/816ac899-784a-aa92-a95f-7bd4ea7ddbf3",
            "name": "816ac899-784a-aa92-a95f-7bd4ea7ddbf3",
            "principal_id": "01a2cd77-45f8-4e38-a98d-23fa51579947",
            "principal_type": "ServicePrincipal",
            "role_definition_id": "/subscriptions/da4b743b-bf70-41b9-905f-e402e5dc9066/providers/Microsoft.Authorization/roleDefinitions/b24988ac-6180-42a0-ab88-20f7382dd24c",
            "role_definition_name": "Contributor",
            "scope": "/subscriptions/da4b743b-bf70-41b9-905f-e402e5dc9066/resourceGroups/prod-infrastructure-rg",
            "skip_service_principal_aad_check": null,
            "timeouts": null
          },
          "sensitive_attributes": [],
          "private": "eyJlMmJmYjczMC1lY2FhLTExZTYtOGY4OC0zNDM2M2JjN2M0YzAiOnsiY3JlYXRlIjoxODAwMDAwMDAwMDAwLCJkZWxldGUiOjE4MDAwMDAwMDAwMDAsInJlYWQiOjMwMDAwMDAwMDAwMH19",
          "dependencies": [
            "azurerm_resource_group.rg_infra"
          ]
        }
      ]
    }
  ],
  "check_results": null
}
